// !$*UTF8*$!
{
	archiveVersion = 1;
	classes = {
	};
	objectVersion = 51;
	objects = {

/* Begin PBXBuildFile section */
		14E404ECA9E5430C7D0C0991 /* Pods_Videoanalysis.framework in Frameworks */ = {isa = PBXBuildFile; fileRef = 9F5351FF2ED02C60A80B5ABB /* Pods_Videoanalysis.framework */; };
		761E3ACD23A098010059CB93 /* HostsTools.m in Sources */ = {isa = PBXBuildFile; fileRef = 761E3ACC23A098010059CB93 /* HostsTools.m */; };
		761E3AD123A21D230059CB93 /* HostConcurrentManager.m in Sources */ = {isa = PBXBuildFile; fileRef = 761E3AD023A21D230059CB93 /* HostConcurrentManager.m */; };
		761E3AD423A22CDF0059CB93 /* HostRequestManager.m in Sources */ = {isa = PBXBuildFile; fileRef = 761E3AD323A22CDF0059CB93 /* HostRequestManager.m */; };
		761E3AD723A261320059CB93 /* HostplayViewController.m in Sources */ = {isa = PBXBuildFile; fileRef = 761E3AD623A261320059CB93 /* HostplayViewController.m */; };
		764E611A2390F99F000E41E2 /* HostTableViewCell.m in Sources */ = {isa = PBXBuildFile; fileRef = 764E61192390F99F000E41E2 /* HostTableViewCell.m */; };
		764E611E2390F9C8000E41E2 /* HostVideoCell.m in Sources */ = {isa = PBXBuildFile; fileRef = 764E611C2390F9C8000E41E2 /* HostVideoCell.m */; };
		764E611F2390F9C8000E41E2 /* HostVideoCell.xib in Resources */ = {isa = PBXBuildFile; fileRef = 764E611D2390F9C8000E41E2 /* HostVideoCell.xib */; };
		764E6125239141CB000E41E2 /* NGConsultingDetailViewController.m in Sources */ = {isa = PBXBuildFile; fileRef = 764E6121239141CA000E41E2 /* NGConsultingDetailViewController.m */; };
		764E6126239141CB000E41E2 /* PlayViewController.m in Sources */ = {isa = PBXBuildFile; fileRef = 764E6124239141CB000E41E2 /* PlayViewController.m */; };
		7651A929238BA00500574813 /* AppDelegate.m in Sources */ = {isa = PBXBuildFile; fileRef = 7651A928238BA00500574813 /* AppDelegate.m */; };
		7651A92C238BA00500574813 /* SceneDelegate.m in Sources */ = {isa = PBXBuildFile; fileRef = 7651A92B238BA00500574813 /* SceneDelegate.m */; };
		7651A92F238BA00500574813 /* ViewController.m in Sources */ = {isa = PBXBuildFile; fileRef = 7651A92E238BA00500574813 /* ViewController.m */; };
		7651A932238BA00500574813 /* Main.storyboard in Resources */ = {isa = PBXBuildFile; fileRef = 7651A930238BA00500574813 /* Main.storyboard */; };
		7651A934238BA00800574813 /* Assets.xcassets in Resources */ = {isa = PBXBuildFile; fileRef = 7651A933238BA00800574813 /* Assets.xcassets */; };
		7651A937238BA00800574813 /* LaunchScreen.storyboard in Resources */ = {isa = PBXBuildFile; fileRef = 7651A935238BA00800574813 /* LaunchScreen.storyboard */; };
		7651A93A238BA00800574813 /* main.m in Sources */ = {isa = PBXBuildFile; fileRef = 7651A939238BA00800574813 /* main.m */; };
		7651A965238BA7B700574813 /* HostVideoVC.m in Sources */ = {isa = PBXBuildFile; fileRef = 7651A964238BA7B700574813 /* HostVideoVC.m */; };
		7651A968238BA7C600574813 /* HostMineVC.m in Sources */ = {isa = PBXBuildFile; fileRef = 7651A967238BA7C600574813 /* HostMineVC.m */; };
		765240EB239F541E00D564B8 /* swiftBridge.swift in Sources */ = {isa = PBXBuildFile; fileRef = 765240EA239F541E00D564B8 /* swiftBridge.swift */; };
		76C4A7A4239A81DE00A0F5F3 /* HostPopVC.m in Sources */ = {isa = PBXBuildFile; fileRef = 76C4A7A3239A81DE00A0F5F3 /* HostPopVC.m */; };
		76C4A7A8239DF77900A0F5F3 /* analysis.json in Resources */ = {isa = PBXBuildFile; fileRef = 76C4A7A7239DF77800A0F5F3 /* analysis.json */; };
		76C4A7AB239E010C00A0F5F3 /* HWNavViewController.m in Sources */ = {isa = PBXBuildFile; fileRef = 76C4A7A9239E010B00A0F5F3 /* HWNavViewController.m */; };
		76C4A7AE239E1E6C00A0F5F3 /* HostanalysisVC.m in Sources */ = {isa = PBXBuildFile; fileRef = 76C4A7AD239E1E6C00A0F5F3 /* HostanalysisVC.m */; };
		76C4A7B2239E303500A0F5F3 /* imgaLogo.png in Resources */ = {isa = PBXBuildFile; fileRef = 76C4A7B1239E303500A0F5F3 /* imgaLogo.png */; };
		76C4A7B6239F37CA00A0F5F3 /* HostDBManager.m in Sources */ = {isa = PBXBuildFile; fileRef = 76C4A7B5239F37CA00A0F5F3 /* HostDBManager.m */; };
		76C4A7B9239F383100A0F5F3 /* HostBaseModel.m in Sources */ = {isa = PBXBuildFile; fileRef = 76C4A7B8239F383100A0F5F3 /* HostBaseModel.m */; };
		76C4A7BC239F384F00A0F5F3 /* HostDBModel.m in Sources */ = {isa = PBXBuildFile; fileRef = 76C4A7BB239F384F00A0F5F3 /* HostDBModel.m */; };
		76DE278C2390ED4900C5671D /* HostBaseViewController.m in Sources */ = {isa = PBXBuildFile; fileRef = 76DE27802390ED4900C5671D /* HostBaseViewController.m */; };
		76DE278D2390ED4900C5671D /* HostBaseWebViewController.xib in Resources */ = {isa = PBXBuildFile; fileRef = 76DE27832390ED4900C5671D /* HostBaseWebViewController.xib */; };
		76DE278E2390ED4900C5671D /* HostUINavigationController+FDFullscreenPopGesture.m in Sources */ = {isa = PBXBuildFile; fileRef = 76DE27852390ED4900C5671D /* HostUINavigationController+FDFullscreenPopGesture.m */; };
		76DE278F2390ED4900C5671D /* HostMuTabbarController.m in Sources */ = {isa = PBXBuildFile; fileRef = 76DE27892390ED4900C5671D /* HostMuTabbarController.m */; };
		76DE27902390ED4900C5671D /* HostBaseWebViewController.m in Sources */ = {isa = PBXBuildFile; fileRef = 76DE278A2390ED4900C5671D /* HostBaseWebViewController.m */; };
		76DE27912390ED4900C5671D /* HostBaseNavigationController.m in Sources */ = {isa = PBXBuildFile; fileRef = 76DE278B2390ED4900C5671D /* HostBaseNavigationController.m */; };
/* End PBXBuildFile section */

/* Begin PBXFileReference section */
		606BD8CC968C7261F2CCEB20 /* Pods-Videoanalysis.release.xcconfig */ = {isa = PBXFileReference; includeInIndex = 1; lastKnownFileType = text.xcconfig; name = "Pods-Videoanalysis.release.xcconfig"; path = "Target Support Files/Pods-Videoanalysis/Pods-Videoanalysis.release.xcconfig"; sourceTree = "<group>"; };
		761E3ACB23A098010059CB93 /* HostsTools.h */ = {isa = PBXFileReference; lastKnownFileType = sourcecode.c.h; path = HostsTools.h; sourceTree = "<group>"; };
		761E3ACC23A098010059CB93 /* HostsTools.m */ = {isa = PBXFileReference; lastKnownFileType = sourcecode.c.objc; path = HostsTools.m; sourceTree = "<group>"; };
		761E3ACF23A21D230059CB93 /* HostConcurrentManager.h */ = {isa = PBXFileReference; lastKnownFileType = sourcecode.c.h; path = HostConcurrentManager.h; sourceTree = "<group>"; };
		761E3AD023A21D230059CB93 /* HostConcurrentManager.m */ = {isa = PBXFileReference; lastKnownFileType = sourcecode.c.objc; path = HostConcurrentManager.m; sourceTree = "<group>"; };
		761E3AD223A22CDF0059CB93 /* HostRequestManager.h */ = {isa = PBXFileReference; lastKnownFileType = sourcecode.c.h; path = HostRequestManager.h; sourceTree = "<group>"; };
		761E3AD323A22CDF0059CB93 /* HostRequestManager.m */ = {isa = PBXFileReference; lastKnownFileType = sourcecode.c.objc; path = HostRequestManager.m; sourceTree = "<group>"; };
		761E3AD523A261320059CB93 /* HostplayViewController.h */ = {isa = PBXFileReference; lastKnownFileType = sourcecode.c.h; path = HostplayViewController.h; sourceTree = "<group>"; };
		761E3AD623A261320059CB93 /* HostplayViewController.m */ = {isa = PBXFileReference; lastKnownFileType = sourcecode.c.objc; path = HostplayViewController.m; sourceTree = "<group>"; };
		764E61182390F99F000E41E2 /* HostTableViewCell.h */ = {isa = PBXFileReference; lastKnownFileType = sourcecode.c.h; path = HostTableViewCell.h; sourceTree = "<group>"; };
		764E61192390F99F000E41E2 /* HostTableViewCell.m */ = {isa = PBXFileReference; lastKnownFileType = sourcecode.c.objc; path = HostTableViewCell.m; sourceTree = "<group>"; };
		764E611B2390F9C8000E41E2 /* HostVideoCell.h */ = {isa = PBXFileReference; lastKnownFileType = sourcecode.c.h; path = HostVideoCell.h; sourceTree = "<group>"; };
		764E611C2390F9C8000E41E2 /* HostVideoCell.m */ = {isa = PBXFileReference; lastKnownFileType = sourcecode.c.objc; path = HostVideoCell.m; sourceTree = "<group>"; };
		764E611D2390F9C8000E41E2 /* HostVideoCell.xib */ = {isa = PBXFileReference; lastKnownFileType = file.xib; path = HostVideoCell.xib; sourceTree = "<group>"; };
		764E6121239141CA000E41E2 /* NGConsultingDetailViewController.m */ = {isa = PBXFileReference; fileEncoding = 4; lastKnownFileType = sourcecode.c.objc; path = NGConsultingDetailViewController.m; sourceTree = "<group>"; };
		764E6122239141CA000E41E2 /* PlayViewController.h */ = {isa = PBXFileReference; fileEncoding = 4; lastKnownFileType = sourcecode.c.h; path = PlayViewController.h; sourceTree = "<group>"; };
		764E6123239141CB000E41E2 /* NGConsultingDetailViewController.h */ = {isa = PBXFileReference; fileEncoding = 4; lastKnownFileType = sourcecode.c.h; path = NGConsultingDetailViewController.h; sourceTree = "<group>"; };
		764E6124239141CB000E41E2 /* PlayViewController.m */ = {isa = PBXFileReference; fileEncoding = 4; lastKnownFileType = sourcecode.c.objc; path = PlayViewController.m; sourceTree = "<group>"; };
		7651A924238BA00500574813 /* 闪电影视大全.app */ = {isa = PBXFileReference; explicitFileType = wrapper.application; includeInIndex = 0; path = "闪电影视大全.app"; sourceTree = BUILT_PRODUCTS_DIR; };
		7651A927238BA00500574813 /* AppDelegate.h */ = {isa = PBXFileReference; lastKnownFileType = sourcecode.c.h; path = AppDelegate.h; sourceTree = "<group>"; };
		7651A928238BA00500574813 /* AppDelegate.m */ = {isa = PBXFileReference; lastKnownFileType = sourcecode.c.objc; path = AppDelegate.m; sourceTree = "<group>"; };
		7651A92A238BA00500574813 /* SceneDelegate.h */ = {isa = PBXFileReference; lastKnownFileType = sourcecode.c.h; path = SceneDelegate.h; sourceTree = "<group>"; };
		7651A92B238BA00500574813 /* SceneDelegate.m */ = {isa = PBXFileReference; lastKnownFileType = sourcecode.c.objc; path = SceneDelegate.m; sourceTree = "<group>"; };
		7651A92D238BA00500574813 /* ViewController.h */ = {isa = PBXFileReference; lastKnownFileType = sourcecode.c.h; path = ViewController.h; sourceTree = "<group>"; };
		7651A92E238BA00500574813 /* ViewController.m */ = {isa = PBXFileReference; lastKnownFileType = sourcecode.c.objc; path = ViewController.m; sourceTree = "<group>"; };
		7651A931238BA00500574813 /* Base */ = {isa = PBXFileReference; lastKnownFileType = file.storyboard; name = Base; path = Base.lproj/Main.storyboard; sourceTree = "<group>"; };
		7651A933238BA00800574813 /* Assets.xcassets */ = {isa = PBXFileReference; lastKnownFileType = folder.assetcatalog; path = Assets.xcassets; sourceTree = "<group>"; };
		7651A936238BA00800574813 /* Base */ = {isa = PBXFileReference; lastKnownFileType = file.storyboard; name = Base; path = Base.lproj/LaunchScreen.storyboard; sourceTree = "<group>"; };
		7651A938238BA00800574813 /* Info.plist */ = {isa = PBXFileReference; lastKnownFileType = text.plist.xml; path = Info.plist; sourceTree = "<group>"; };
		7651A939238BA00800574813 /* main.m */ = {isa = PBXFileReference; lastKnownFileType = sourcecode.c.objc; path = main.m; sourceTree = "<group>"; };
		7651A962238BA66900574813 /* MuPrefixHeader.pch */ = {isa = PBXFileReference; fileEncoding = 4; lastKnownFileType = sourcecode.c.h; path = MuPrefixHeader.pch; sourceTree = "<group>"; };
		7651A963238BA7B700574813 /* HostVideoVC.h */ = {isa = PBXFileReference; lastKnownFileType = sourcecode.c.h; path = HostVideoVC.h; sourceTree = "<group>"; };
		7651A964238BA7B700574813 /* HostVideoVC.m */ = {isa = PBXFileReference; lastKnownFileType = sourcecode.c.objc; path = HostVideoVC.m; sourceTree = "<group>"; };
		7651A966238BA7C600574813 /* HostMineVC.h */ = {isa = PBXFileReference; lastKnownFileType = sourcecode.c.h; path = HostMineVC.h; sourceTree = "<group>"; };
		7651A967238BA7C600574813 /* HostMineVC.m */ = {isa = PBXFileReference; lastKnownFileType = sourcecode.c.objc; path = HostMineVC.m; sourceTree = "<group>"; };
		765240E9239F541E00D564B8 /* Videoanalysis-Bridging-Header.h */ = {isa = PBXFileReference; lastKnownFileType = sourcecode.c.h; path = "Videoanalysis-Bridging-Header.h"; sourceTree = "<group>"; };
		765240EA239F541E00D564B8 /* swiftBridge.swift */ = {isa = PBXFileReference; lastKnownFileType = sourcecode.swift; path = swiftBridge.swift; sourceTree = "<group>"; };
		76C4A7A2239A81DE00A0F5F3 /* HostPopVC.h */ = {isa = PBXFileReference; lastKnownFileType = sourcecode.c.h; path = HostPopVC.h; sourceTree = "<group>"; };
		76C4A7A3239A81DE00A0F5F3 /* HostPopVC.m */ = {isa = PBXFileReference; lastKnownFileType = sourcecode.c.objc; path = HostPopVC.m; sourceTree = "<group>"; };
		76C4A7A7239DF77800A0F5F3 /* analysis.json */ = {isa = PBXFileReference; fileEncoding = 4; lastKnownFileType = text.json; path = analysis.json; sourceTree = "<group>"; };
		76C4A7A9239E010B00A0F5F3 /* HWNavViewController.m */ = {isa = PBXFileReference; fileEncoding = 4; lastKnownFileType = sourcecode.c.objc; path = HWNavViewController.m; sourceTree = "<group>"; };
		76C4A7AA239E010C00A0F5F3 /* HWNavViewController.h */ = {isa = PBXFileReference; fileEncoding = 4; lastKnownFileType = sourcecode.c.h; path = HWNavViewController.h; sourceTree = "<group>"; };
		76C4A7AC239E1E6C00A0F5F3 /* HostanalysisVC.h */ = {isa = PBXFileReference; lastKnownFileType = sourcecode.c.h; path = HostanalysisVC.h; sourceTree = "<group>"; };
		76C4A7AD239E1E6C00A0F5F3 /* HostanalysisVC.m */ = {isa = PBXFileReference; lastKnownFileType = sourcecode.c.objc; path = HostanalysisVC.m; sourceTree = "<group>"; };
		76C4A7B1239E303500A0F5F3 /* imgaLogo.png */ = {isa = PBXFileReference; lastKnownFileType = image.png; path = imgaLogo.png; sourceTree = "<group>"; };
		76C4A7B4239F37CA00A0F5F3 /* HostDBManager.h */ = {isa = PBXFileReference; lastKnownFileType = sourcecode.c.h; path = HostDBManager.h; sourceTree = "<group>"; };
		76C4A7B5239F37CA00A0F5F3 /* HostDBManager.m */ = {isa = PBXFileReference; lastKnownFileType = sourcecode.c.objc; path = HostDBManager.m; sourceTree = "<group>"; };
		76C4A7B7239F383100A0F5F3 /* HostBaseModel.h */ = {isa = PBXFileReference; lastKnownFileType = sourcecode.c.h; path = HostBaseModel.h; sourceTree = "<group>"; };
		76C4A7B8239F383100A0F5F3 /* HostBaseModel.m */ = {isa = PBXFileReference; lastKnownFileType = sourcecode.c.objc; path = HostBaseModel.m; sourceTree = "<group>"; };
		76C4A7BA239F384F00A0F5F3 /* HostDBModel.h */ = {isa = PBXFileReference; lastKnownFileType = sourcecode.c.h; path = HostDBModel.h; sourceTree = "<group>"; };
		76C4A7BB239F384F00A0F5F3 /* HostDBModel.m */ = {isa = PBXFileReference; lastKnownFileType = sourcecode.c.objc; path = HostDBModel.m; sourceTree = "<group>"; };
		76DE27802390ED4900C5671D /* HostBaseViewController.m */ = {isa = PBXFileReference; fileEncoding = 4; lastKnownFileType = sourcecode.c.objc; path = HostBaseViewController.m; sourceTree = "<group>"; };
		76DE27812390ED4900C5671D /* HostBaseWebViewController.h */ = {isa = PBXFileReference; fileEncoding = 4; lastKnownFileType = sourcecode.c.h; path = HostBaseWebViewController.h; sourceTree = "<group>"; };
		76DE27822390ED4900C5671D /* HostMuTabbarController.h */ = {isa = PBXFileReference; fileEncoding = 4; lastKnownFileType = sourcecode.c.h; path = HostMuTabbarController.h; sourceTree = "<group>"; };
		76DE27832390ED4900C5671D /* HostBaseWebViewController.xib */ = {isa = PBXFileReference; fileEncoding = 4; lastKnownFileType = file.xib; path = HostBaseWebViewController.xib; sourceTree = "<group>"; };
		76DE27852390ED4900C5671D /* HostUINavigationController+FDFullscreenPopGesture.m */ = {isa = PBXFileReference; fileEncoding = 4; lastKnownFileType = sourcecode.c.objc; path = "HostUINavigationController+FDFullscreenPopGesture.m"; sourceTree = "<group>"; };
		76DE27862390ED4900C5671D /* HostUINavigationController+FDFullscreenPopGesture.h */ = {isa = PBXFileReference; fileEncoding = 4; lastKnownFileType = sourcecode.c.h; path = "HostUINavigationController+FDFullscreenPopGesture.h"; sourceTree = "<group>"; };
		76DE27872390ED4900C5671D /* HostBaseNavigationController.h */ = {isa = PBXFileReference; fileEncoding = 4; lastKnownFileType = sourcecode.c.h; path = HostBaseNavigationController.h; sourceTree = "<group>"; };
		76DE27882390ED4900C5671D /* HostBaseViewController.h */ = {isa = PBXFileReference; fileEncoding = 4; lastKnownFileType = sourcecode.c.h; path = HostBaseViewController.h; sourceTree = "<group>"; };
		76DE27892390ED4900C5671D /* HostMuTabbarController.m */ = {isa = PBXFileReference; fileEncoding = 4; lastKnownFileType = sourcecode.c.objc; path = HostMuTabbarController.m; sourceTree = "<group>"; };
		76DE278A2390ED4900C5671D /* HostBaseWebViewController.m */ = {isa = PBXFileReference; fileEncoding = 4; lastKnownFileType = sourcecode.c.objc; path = HostBaseWebViewController.m; sourceTree = "<group>"; };
		76DE278B2390ED4900C5671D /* HostBaseNavigationController.m */ = {isa = PBXFileReference; fileEncoding = 4; lastKnownFileType = sourcecode.c.objc; path = HostBaseNavigationController.m; sourceTree = "<group>"; };
		9F5351FF2ED02C60A80B5ABB /* Pods_Videoanalysis.framework */ = {isa = PBXFileReference; explicitFileType = wrapper.framework; includeInIndex = 0; path = Pods_Videoanalysis.framework; sourceTree = BUILT_PRODUCTS_DIR; };
		FFE52FF4F935BCBD93577F2B /* Pods-Videoanalysis.debug.xcconfig */ = {isa = PBXFileReference; includeInIndex = 1; lastKnownFileType = text.xcconfig; name = "Pods-Videoanalysis.debug.xcconfig"; path = "Target Support Files/Pods-Videoanalysis/Pods-Videoanalysis.debug.xcconfig"; sourceTree = "<group>"; };
/* End PBXFileReference section */

/* Begin PBXFrameworksBuildPhase section */
		7651A921238BA00500574813 /* Frameworks */ = {
			isa = PBXFrameworksBuildPhase;
			buildActionMask = 2147483647;
			files = (
				14E404ECA9E5430C7D0C0991 /* Pods_Videoanalysis.framework in Frameworks */,
			);
			runOnlyForDeploymentPostprocessing = 0;
		};
/* End PBXFrameworksBuildPhase section */

/* Begin PBXGroup section */
		29E2B933EC17BEFE2A733DB7 /* Frameworks */ = {
			isa = PBXGroup;
			children = (
				9F5351FF2ED02C60A80B5ABB /* Pods_Videoanalysis.framework */,
			);
			name = Frameworks;
			sourceTree = "<group>";
		};
		5FE32D15EE094F7F03D79F66 /* Pods */ = {
			isa = PBXGroup;
			children = (
				FFE52FF4F935BCBD93577F2B /* Pods-Videoanalysis.debug.xcconfig */,
				606BD8CC968C7261F2CCEB20 /* Pods-Videoanalysis.release.xcconfig */,
			);
			path = Pods;
			sourceTree = "<group>";
		};
		761E3ACE23A21CB90059CB93 /* Manager */ = {
			isa = PBXGroup;
			children = (
				761E3ACF23A21D230059CB93 /* HostConcurrentManager.h */,
				761E3AD023A21D230059CB93 /* HostConcurrentManager.m */,
				761E3AD223A22CDF0059CB93 /* HostRequestManager.h */,
				761E3AD323A22CDF0059CB93 /* HostRequestManager.m */,
			);
			path = Manager;
			sourceTree = "<group>";
		};
		764E6120239141BF000E41E2 /* play */ = {
			isa = PBXGroup;
			children = (
				764E6123239141CB000E41E2 /* NGConsultingDetailViewController.h */,
				764E6121239141CA000E41E2 /* NGConsultingDetailViewController.m */,
				764E6122239141CA000E41E2 /* PlayViewController.h */,
				764E6124239141CB000E41E2 /* PlayViewController.m */,
				761E3AD523A261320059CB93 /* HostplayViewController.h */,
				761E3AD623A261320059CB93 /* HostplayViewController.m */,
			);
			path = play;
			sourceTree = "<group>";
		};
		7651A91B238BA00500574813 = {
			isa = PBXGroup;
			children = (
				7651A926238BA00500574813 /* Videoanalysis */,
				7651A925238BA00500574813 /* Products */,
				5FE32D15EE094F7F03D79F66 /* Pods */,
				29E2B933EC17BEFE2A733DB7 /* Frameworks */,
				765240E9239F541E00D564B8 /* Videoanalysis-Bridging-Header.h */,
			);
			sourceTree = "<group>";
			wrapsLines = 0;
		};
		7651A925238BA00500574813 /* Products */ = {
			isa = PBXGroup;
			children = (
				7651A924238BA00500574813 /* 闪电影视大全.app */,
			);
			name = Products;
			sourceTree = "<group>";
		};
		7651A926238BA00500574813 /* Videoanalysis */ = {
			isa = PBXGroup;
			children = (
				7651A927238BA00500574813 /* AppDelegate.h */,
				7651A928238BA00500574813 /* AppDelegate.m */,
				7651A92D238BA00500574813 /* ViewController.h */,
				7651A92E238BA00500574813 /* ViewController.m */,
				7651A969238BA8EE00574813 /* Tool */,
				7651A958238BA0AF00574813 /* Main */,
				76DE277F2390ED4900C5671D /* Base */,
				7651A933238BA00800574813 /* Assets.xcassets */,
				7651A938238BA00800574813 /* Info.plist */,
				7651A935238BA00800574813 /* LaunchScreen.storyboard */,
				7651A939238BA00800574813 /* main.m */,
				7651A930238BA00500574813 /* Main.storyboard */,
				76C4A7B1239E303500A0F5F3 /* imgaLogo.png */,
				7651A962238BA66900574813 /* MuPrefixHeader.pch */,
				7651A92A238BA00500574813 /* SceneDelegate.h */,
				7651A92B238BA00500574813 /* SceneDelegate.m */,
				76C4A7A7239DF77800A0F5F3 /* analysis.json */,
				765240EA239F541E00D564B8 /* swiftBridge.swift */,
			);
			path = Videoanalysis;
			sourceTree = "<group>";
		};
		7651A958238BA0AF00574813 /* Main */ = {
			isa = PBXGroup;
			children = (
				7651A95A238BA1B400574813 /* Video */,
				7651A959238BA1AD00574813 /* Mine */,
			);
			path = Main;
			sourceTree = "<group>";
		};
		7651A959238BA1AD00574813 /* Mine */ = {
			isa = PBXGroup;
			children = (
				7651A966238BA7C600574813 /* HostMineVC.h */,
				7651A967238BA7C600574813 /* HostMineVC.m */,
				76C4A7AC239E1E6C00A0F5F3 /* HostanalysisVC.h */,
				76C4A7AD239E1E6C00A0F5F3 /* HostanalysisVC.m */,
			);
			path = Mine;
			sourceTree = "<group>";
		};
		7651A95A238BA1B400574813 /* Video */ = {
			isa = PBXGroup;
			children = (
				764E6120239141BF000E41E2 /* play */,
				7651A963238BA7B700574813 /* HostVideoVC.h */,
				7651A964238BA7B700574813 /* HostVideoVC.m */,
				764E611B2390F9C8000E41E2 /* HostVideoCell.h */,
				764E611C2390F9C8000E41E2 /* HostVideoCell.m */,
				764E611D2390F9C8000E41E2 /* HostVideoCell.xib */,
				76C4A7A2239A81DE00A0F5F3 /* HostPopVC.h */,
				76C4A7A3239A81DE00A0F5F3 /* HostPopVC.m */,
			);
			path = Video;
			sourceTree = "<group>";
		};
		7651A969238BA8EE00574813 /* Tool */ = {
			isa = PBXGroup;
			children = (
				761E3ACE23A21CB90059CB93 /* Manager */,
				76C4A7B3239F37AD00A0F5F3 /* FMDB */,
				761E3ACB23A098010059CB93 /* HostsTools.h */,
				761E3ACC23A098010059CB93 /* HostsTools.m */,
			);
			path = Tool;
			sourceTree = "<group>";
		};
		76C4A7B3239F37AD00A0F5F3 /* FMDB */ = {
			isa = PBXGroup;
			children = (
				76C4A7B4239F37CA00A0F5F3 /* HostDBManager.h */,
				76C4A7B5239F37CA00A0F5F3 /* HostDBManager.m */,
				76C4A7BA239F384F00A0F5F3 /* HostDBModel.h */,
				76C4A7BB239F384F00A0F5F3 /* HostDBModel.m */,
			);
			path = FMDB;
			sourceTree = "<group>";
		};
		76DE277F2390ED4900C5671D /* Base */ = {
			isa = PBXGroup;
			children = (
				76C4A7AA239E010C00A0F5F3 /* HWNavViewController.h */,
				76C4A7A9239E010B00A0F5F3 /* HWNavViewController.m */,
				76DE27842390ED4900C5671D /* FDFullscreenPopGesture */,
				76DE27872390ED4900C5671D /* HostBaseNavigationController.h */,
				76DE278B2390ED4900C5671D /* HostBaseNavigationController.m */,
				76DE27882390ED4900C5671D /* HostBaseViewController.h */,
				76DE27802390ED4900C5671D /* HostBaseViewController.m */,
				76DE27812390ED4900C5671D /* HostBaseWebViewController.h */,
				76DE278A2390ED4900C5671D /* HostBaseWebViewController.m */,
				76DE27832390ED4900C5671D /* HostBaseWebViewController.xib */,
				76DE27822390ED4900C5671D /* HostMuTabbarController.h */,
				76DE27892390ED4900C5671D /* HostMuTabbarController.m */,
				764E61182390F99F000E41E2 /* HostTableViewCell.h */,
				764E61192390F99F000E41E2 /* HostTableViewCell.m */,
				76C4A7B7239F383100A0F5F3 /* HostBaseModel.h */,
				76C4A7B8239F383100A0F5F3 /* HostBaseModel.m */,
			);
			path = Base;
			sourceTree = "<group>";
		};
		76DE27842390ED4900C5671D /* FDFullscreenPopGesture */ = {
			isa = PBXGroup;
			children = (
				76DE27852390ED4900C5671D /* HostUINavigationController+FDFullscreenPopGesture.m */,
				76DE27862390ED4900C5671D /* HostUINavigationController+FDFullscreenPopGesture.h */,
			);
			path = FDFullscreenPopGesture;
			sourceTree = "<group>";
		};
/* End PBXGroup section */

/* Begin PBXNativeTarget section */
		7651A923238BA00500574813 /* Videoanalysis */ = {
			isa = PBXNativeTarget;
			buildConfigurationList = 7651A93D238BA00800574813 /* Build configuration list for PBXNativeTarget "Videoanalysis" */;
			buildPhases = (
				6494603F2C986C975A3DF2F6 /* [CP] Check Pods Manifest.lock */,
				7651A920238BA00500574813 /* Sources */,
				7651A921238BA00500574813 /* Frameworks */,
				7651A922238BA00500574813 /* Resources */,
				FF8AE4DA75F0FB48CC3100A8 /* [CP] Embed Pods Frameworks */,
				217FFFB1F63C14017021B949 /* [CP] Copy Pods Resources */,
			);
			buildRules = (
			);
			dependencies = (
			);
			name = Videoanalysis;
			productName = Videoanalysis;
			productReference = 7651A924238BA00500574813 /* 闪电影视大全.app */;
			productType = "com.apple.product-type.application";
		};
/* End PBXNativeTarget section */

/* Begin PBXProject section */
		7651A91C238BA00500574813 /* Project object */ = {
			isa = PBXProject;
			attributes = {
				LastUpgradeCheck = 1110;
				ORGANIZATIONNAME = lvqiang;
				TargetAttributes = {
					7651A923238BA00500574813 = {
						CreatedOnToolsVersion = 11.1;
						LastSwiftMigration = 1110;
					};
				};
			};
			buildConfigurationList = 7651A91F238BA00500574813 /* Build configuration list for PBXProject "Videoanalysis" */;
			compatibilityVersion = "Xcode 9.3";
			developmentRegion = en;
			hasScannedForEncodings = 0;
			knownRegions = (
				en,
				Base,
			);
			mainGroup = 7651A91B238BA00500574813;
			productRefGroup = 7651A925238BA00500574813 /* Products */;
			projectDirPath = "";
			projectRoot = "";
			targets = (
				7651A923238BA00500574813 /* Videoanalysis */,
			);
		};
/* End PBXProject section */

/* Begin PBXResourcesBuildPhase section */
		7651A922238BA00500574813 /* Resources */ = {
			isa = PBXResourcesBuildPhase;
			buildActionMask = 2147483647;
			files = (
				76DE278D2390ED4900C5671D /* HostBaseWebViewController.xib in Resources */,
				76C4A7A8239DF77900A0F5F3 /* analysis.json in Resources */,
				7651A937238BA00800574813 /* LaunchScreen.storyboard in Resources */,
				7651A934238BA00800574813 /* Assets.xcassets in Resources */,
				76C4A7B2239E303500A0F5F3 /* imgaLogo.png in Resources */,
				7651A932238BA00500574813 /* Main.storyboard in Resources */,
				764E611F2390F9C8000E41E2 /* HostVideoCell.xib in Resources */,
			);
			runOnlyForDeploymentPostprocessing = 0;
		};
/* End PBXResourcesBuildPhase section */

/* Begin PBXShellScriptBuildPhase section */
		217FFFB1F63C14017021B949 /* [CP] Copy Pods Resources */ = {
			isa = PBXShellScriptBuildPhase;
			buildActionMask = 2147483647;
			files = (
			);
			inputFileListPaths = (
				"${PODS_ROOT}/Target Support Files/Pods-Videoanalysis/Pods-Videoanalysis-resources-${CONFIGURATION}-input-files.xcfilelist",
			);
			name = "[CP] Copy Pods Resources";
			outputFileListPaths = (
				"${PODS_ROOT}/Target Support Files/Pods-Videoanalysis/Pods-Videoanalysis-resources-${CONFIGURATION}-output-files.xcfilelist",
			);
			runOnlyForDeploymentPostprocessing = 0;
			shellPath = /bin/sh;
			shellScript = "\"${PODS_ROOT}/Target Support Files/Pods-Videoanalysis/Pods-Videoanalysis-resources.sh\"\n";
			showEnvVarsInLog = 0;
		};
		6494603F2C986C975A3DF2F6 /* [CP] Check Pods Manifest.lock */ = {
			isa = PBXShellScriptBuildPhase;
			buildActionMask = 2147483647;
			files = (
			);
			inputFileListPaths = (
			);
			inputPaths = (
				"${PODS_PODFILE_DIR_PATH}/Podfile.lock",
				"${PODS_ROOT}/Manifest.lock",
			);
			name = "[CP] Check Pods Manifest.lock";
			outputFileListPaths = (
			);
			outputPaths = (
				"$(DERIVED_FILE_DIR)/Pods-Videoanalysis-checkManifestLockResult.txt",
			);
			runOnlyForDeploymentPostprocessing = 0;
			shellPath = /bin/sh;
			shellScript = "diff \"${PODS_PODFILE_DIR_PATH}/Podfile.lock\" \"${PODS_ROOT}/Manifest.lock\" > /dev/null\nif [ $? != 0 ] ; then\n    # print error to STDERR\n    echo \"error: The sandbox is not in sync with the Podfile.lock. Run 'pod install' or update your CocoaPods installation.\" >&2\n    exit 1\nfi\n# This output is used by Xcode 'outputs' to avoid re-running this script phase.\necho \"SUCCESS\" > \"${SCRIPT_OUTPUT_FILE_0}\"\n";
			showEnvVarsInLog = 0;
		};
		FF8AE4DA75F0FB48CC3100A8 /* [CP] Embed Pods Frameworks */ = {
			isa = PBXShellScriptBuildPhase;
			buildActionMask = 2147483647;
			files = (
			);
			inputFileListPaths = (
				"${PODS_ROOT}/Target Support Files/Pods-Videoanalysis/Pods-Videoanalysis-frameworks-${CONFIGURATION}-input-files.xcfilelist",
			);
			name = "[CP] Embed Pods Frameworks";
			outputFileListPaths = (
				"${PODS_ROOT}/Target Support Files/Pods-Videoanalysis/Pods-Videoanalysis-frameworks-${CONFIGURATION}-output-files.xcfilelist",
			);
			runOnlyForDeploymentPostprocessing = 0;
			shellPath = /bin/sh;
			shellScript = "\"${PODS_ROOT}/Target Support Files/Pods-Videoanalysis/Pods-Videoanalysis-frameworks.sh\"\n";
			showEnvVarsInLog = 0;
		};
/* End PBXShellScriptBuildPhase section */

/* Begin PBXSourcesBuildPhase section */
		7651A920238BA00500574813 /* Sources */ = {
			isa = PBXSourcesBuildPhase;
			buildActionMask = 2147483647;
			files = (
				764E6125239141CB000E41E2 /* NGConsultingDetailViewController.m in Sources */,
				76DE27902390ED4900C5671D /* HostBaseWebViewController.m in Sources */,
				76DE278C2390ED4900C5671D /* HostBaseViewController.m in Sources */,
				7651A968238BA7C600574813 /* HostMineVC.m in Sources */,
				765240EB239F541E00D564B8 /* swiftBridge.swift in Sources */,
				7651A92F238BA00500574813 /* ViewController.m in Sources */,
				761E3AD123A21D230059CB93 /* HostConcurrentManager.m in Sources */,
				761E3AD423A22CDF0059CB93 /* HostRequestManager.m in Sources */,
				76DE27912390ED4900C5671D /* HostBaseNavigationController.m in Sources */,
				76C4A7AB239E010C00A0F5F3 /* HWNavViewController.m in Sources */,
				76C4A7B6239F37CA00A0F5F3 /* HostDBManager.m in Sources */,
				7651A929238BA00500574813 /* AppDelegate.m in Sources */,
				76C4A7AE239E1E6C00A0F5F3 /* HostanalysisVC.m in Sources */,
				76DE278E2390ED4900C5671D /* HostUINavigationController+FDFullscreenPopGesture.m in Sources */,
				761E3AD723A261320059CB93 /* HostplayViewController.m in Sources */,
				7651A93A238BA00800574813 /* main.m in Sources */,
				764E611E2390F9C8000E41E2 /* HostVideoCell.m in Sources */,
				76C4A7BC239F384F00A0F5F3 /* HostDBModel.m in Sources */,
				7651A92C238BA00500574813 /* SceneDelegate.m in Sources */,
				7651A965238BA7B700574813 /* HostVideoVC.m in Sources */,
				76C4A7A4239A81DE00A0F5F3 /* HostPopVC.m in Sources */,
				76C4A7B9239F383100A0F5F3 /* HostBaseModel.m in Sources */,
				76DE278F2390ED4900C5671D /* HostMuTabbarController.m in Sources */,
				764E6126239141CB000E41E2 /* PlayViewController.m in Sources */,
				764E611A2390F99F000E41E2 /* HostTableViewCell.m in Sources */,
				761E3ACD23A098010059CB93 /* HostsTools.m in Sources */,
			);
			runOnlyForDeploymentPostprocessing = 0;
		};
/* End PBXSourcesBuildPhase section */

/* Begin PBXVariantGroup section */
		7651A930238BA00500574813 /* Main.storyboard */ = {
			isa = PBXVariantGroup;
			children = (
				7651A931238BA00500574813 /* Base */,
			);
			name = Main.storyboard;
			sourceTree = "<group>";
		};
		7651A935238BA00800574813 /* LaunchScreen.storyboard */ = {
			isa = PBXVariantGroup;
			children = (
				7651A936238BA00800574813 /* Base */,
			);
			name = LaunchScreen.storyboard;
			sourceTree = "<group>";
		};
/* End PBXVariantGroup section */

/* Begin XCBuildConfiguration section */
		7651A93B238BA00800574813 /* Debug */ = {
			isa = XCBuildConfiguration;
			buildSettings = {
				ALWAYS_SEARCH_USER_PATHS = NO;
				CLANG_ANALYZER_NONNULL = YES;
				CLANG_ANALYZER_NUMBER_OBJECT_CONVERSION = YES_AGGRESSIVE;
				CLANG_CXX_LANGUAGE_STANDARD = "gnu++14";
				CLANG_CXX_LIBRARY = "libc++";
				CLANG_ENABLE_MODULES = YES;
				CLANG_ENABLE_OBJC_ARC = YES;
				CLANG_ENABLE_OBJC_WEAK = YES;
				CLANG_WARN_BLOCK_CAPTURE_AUTORELEASING = YES;
				CLANG_WARN_BOOL_CONVERSION = YES;
				CLANG_WARN_COMMA = YES;
				CLANG_WARN_CONSTANT_CONVERSION = YES;
				CLANG_WARN_DEPRECATED_OBJC_IMPLEMENTATIONS = YES;
				CLANG_WARN_DIRECT_OBJC_ISA_USAGE = YES_ERROR;
				CLANG_WARN_DOCUMENTATION_COMMENTS = YES;
				CLANG_WARN_EMPTY_BODY = YES;
				CLANG_WARN_ENUM_CONVERSION = YES;
				CLANG_WARN_INFINITE_RECURSION = YES;
				CLANG_WARN_INT_CONVERSION = YES;
				CLANG_WARN_NON_LITERAL_NULL_CONVERSION = YES;
				CLANG_WARN_OBJC_IMPLICIT_RETAIN_SELF = YES;
				CLANG_WARN_OBJC_LITERAL_CONVERSION = YES;
				CLANG_WARN_OBJC_ROOT_CLASS = YES_ERROR;
				CLANG_WARN_RANGE_LOOP_ANALYSIS = YES;
				CLANG_WARN_STRICT_PROTOTYPES = YES;
				CLANG_WARN_SUSPICIOUS_MOVE = YES;
				CLANG_WARN_UNGUARDED_AVAILABILITY = YES_AGGRESSIVE;
				CLANG_WARN_UNREACHABLE_CODE = YES;
				CLANG_WARN__DUPLICATE_METHOD_MATCH = YES;
				COPY_PHASE_STRIP = NO;
				DEBUG_INFORMATION_FORMAT = dwarf;
				ENABLE_STRICT_OBJC_MSGSEND = YES;
				ENABLE_TESTABILITY = YES;
				GCC_C_LANGUAGE_STANDARD = gnu11;
				GCC_DYNAMIC_NO_PIC = NO;
				GCC_NO_COMMON_BLOCKS = YES;
				GCC_OPTIMIZATION_LEVEL = 0;
				GCC_PREPROCESSOR_DEFINITIONS = (
					"DEBUG=1",
					"$(inherited)",
				);
				GCC_WARN_64_TO_32_BIT_CONVERSION = YES;
				GCC_WARN_ABOUT_RETURN_TYPE = YES_ERROR;
				GCC_WARN_UNDECLARED_SELECTOR = YES;
				GCC_WARN_UNINITIALIZED_AUTOS = YES_AGGRESSIVE;
				GCC_WARN_UNUSED_FUNCTION = YES;
				GCC_WARN_UNUSED_VARIABLE = YES;
				IPHONEOS_DEPLOYMENT_TARGET = 9.0;
				MTL_ENABLE_DEBUG_INFO = INCLUDE_SOURCE;
				MTL_FAST_MATH = YES;
				ONLY_ACTIVE_ARCH = YES;
				SDKROOT = iphoneos;
			};
			name = Debug;
		};
		7651A93C238BA00800574813 /* Release */ = {
			isa = XCBuildConfiguration;
			buildSettings = {
				ALWAYS_SEARCH_USER_PATHS = NO;
				CLANG_ANALYZER_NONNULL = YES;
				CLANG_ANALYZER_NUMBER_OBJECT_CONVERSION = YES_AGGRESSIVE;
				CLANG_CXX_LANGUAGE_STANDARD = "gnu++14";
				CLANG_CXX_LIBRARY = "libc++";
				CLANG_ENABLE_MODULES = YES;
				CLANG_ENABLE_OBJC_ARC = YES;
				CLANG_ENABLE_OBJC_WEAK = YES;
				CLANG_WARN_BLOCK_CAPTURE_AUTORELEASING = YES;
				CLANG_WARN_BOOL_CONVERSION = YES;
				CLANG_WARN_COMMA = YES;
				CLANG_WARN_CONSTANT_CONVERSION = YES;
				CLANG_WARN_DEPRECATED_OBJC_IMPLEMENTATIONS = YES;
				CLANG_WARN_DIRECT_OBJC_ISA_USAGE = YES_ERROR;
				CLANG_WARN_DOCUMENTATION_COMMENTS = YES;
				CLANG_WARN_EMPTY_BODY = YES;
				CLANG_WARN_ENUM_CONVERSION = YES;
				CLANG_WARN_INFINITE_RECURSION = YES;
				CLANG_WARN_INT_CONVERSION = YES;
				CLANG_WARN_NON_LITERAL_NULL_CONVERSION = YES;
				CLANG_WARN_OBJC_IMPLICIT_RETAIN_SELF = YES;
				CLANG_WARN_OBJC_LITERAL_CONVERSION = YES;
				CLANG_WARN_OBJC_ROOT_CLASS = YES_ERROR;
				CLANG_WARN_RANGE_LOOP_ANALYSIS = YES;
				CLANG_WARN_STRICT_PROTOTYPES = YES;
				CLANG_WARN_SUSPICIOUS_MOVE = YES;
				CLANG_WARN_UNGUARDED_AVAILABILITY = YES_AGGRESSIVE;
				CLANG_WARN_UNREACHABLE_CODE = YES;
				CLANG_WARN__DUPLICATE_METHOD_MATCH = YES;
				COPY_PHASE_STRIP = NO;
				DEBUG_INFORMATION_FORMAT = "dwarf-with-dsym";
				ENABLE_NS_ASSERTIONS = NO;
				ENABLE_STRICT_OBJC_MSGSEND = YES;
				GCC_C_LANGUAGE_STANDARD = gnu11;
				GCC_NO_COMMON_BLOCKS = YES;
				GCC_WARN_64_TO_32_BIT_CONVERSION = YES;
				GCC_WARN_ABOUT_RETURN_TYPE = YES_ERROR;
				GCC_WARN_UNDECLARED_SELECTOR = YES;
				GCC_WARN_UNINITIALIZED_AUTOS = YES_AGGRESSIVE;
				GCC_WARN_UNUSED_FUNCTION = YES;
				GCC_WARN_UNUSED_VARIABLE = YES;
				IPHONEOS_DEPLOYMENT_TARGET = 9.0;
				MTL_ENABLE_DEBUG_INFO = NO;
				MTL_FAST_MATH = YES;
				SDKROOT = iphoneos;
				VALIDATE_PRODUCT = YES;
			};
			name = Release;
		};
		7651A93E238BA00800574813 /* Debug */ = {
			isa = XCBuildConfiguration;
			baseConfigurationReference = FFE52FF4F935BCBD93577F2B /* Pods-Videoanalysis.debug.xcconfig */;
			buildSettings = {
				ASSETCATALOG_COMPILER_APPICON_NAME = AppIcon;
				CLANG_ENABLE_MODULES = YES;
				CODE_SIGN_IDENTITY = "Apple Development";
				CODE_SIGN_STYLE = Automatic;
				DEVELOPMENT_TEAM = XNRZ33ZW7W;
				ENABLE_BITCODE = NO;
				GCC_PREFIX_HEADER = ../Videoanalysis/Videoanalysis/MuPrefixHeader.pch;
				INFOPLIST_FILE = Videoanalysis/Info.plist;
				IPHONEOS_DEPLOYMENT_TARGET = 9.0;
				LD_RUNPATH_SEARCH_PATHS = (
					"$(inherited)",
					"@executable_path/Frameworks",
				);
				ONLY_ACTIVE_ARCH = YES;
				OTHER_LDFLAGS = "$(inherited)";
				PRODUCT_BUNDLE_IDENTIFIER = com.demo1.Videoanalysis;
				PRODUCT_NAME = "闪电影视大全";
				PROVISIONING_PROFILE_SPECIFIER = "";
				SWIFT_OBJC_BRIDGING_HEADER = "Videoanalysis-Bridging-Header.h";
				SWIFT_OPTIMIZATION_LEVEL = "-Onone";
				SWIFT_VERSION = 5.0;
				TARGETED_DEVICE_FAMILY = 1;
				VALID_ARCHS = "armv7 arm64";
			};
			name = Debug;
		};
		7651A93F238BA00800574813 /* Release */ = {
			isa = XCBuildConfiguration;
			baseConfigurationReference = 606BD8CC968C7261F2CCEB20 /* Pods-Videoanalysis.release.xcconfig */;
			buildSettings = {
				ASSETCATALOG_COMPILER_APPICON_NAME = AppIcon;
				CLANG_ENABLE_MODULES = YES;
				CODE_SIGN_IDENTITY = "Apple Development";
				CODE_SIGN_STYLE = Automatic;
				DEVELOPMENT_TEAM = XNRZ33ZW7W;
				ENABLE_BITCODE = NO;
				GCC_PREFIX_HEADER = ../Videoanalysis/Videoanalysis/MuPrefixHeader.pch;
				INFOPLIST_FILE = Videoanalysis/Info.plist;
				IPHONEOS_DEPLOYMENT_TARGET = 9.0;
				LD_RUNPATH_SEARCH_PATHS = (
					"$(inherited)",
					"@executable_path/Frameworks",
				);
				ONLY_ACTIVE_ARCH = YES;
				OTHER_LDFLAGS = "$(inherited)";
				PRODUCT_BUNDLE_IDENTIFIER = com.demo1.Videoanalysis;
				PRODUCT_NAME = "闪电影视大全";
				PROVISIONING_PROFILE_SPECIFIER = "";
				SWIFT_OBJC_BRIDGING_HEADER = "Videoanalysis-Bridging-Header.h";
				SWIFT_VERSION = 5.0;
				TARGETED_DEVICE_FAMILY = 1;
				VALID_ARCHS = "armv7 arm64";
			};
			name = Release;
		};
/* End XCBuildConfiguration section */

/* Begin XCConfigurationList section */
		7651A91F238BA00500574813 /* Build configuration list for PBXProject "Videoanalysis" */ = {
			isa = XCConfigurationList;
			buildConfigurations = (
				7651A93B238BA00800574813 /* Debug */,
				7651A93C238BA00800574813 /* Release */,
			);
			defaultConfigurationIsVisible = 0;
			defaultConfigurationName = Release;
		};
		7651A93D238BA00800574813 /* Build configuration list for PBXNativeTarget "Videoanalysis" */ = {
			isa = XCConfigurationList;
			buildConfigurations = (
				7651A93E238BA00800574813 /* Debug */,
				7651A93F238BA00800574813 /* Release */,
			);
			defaultConfigurationIsVisible = 0;
			defaultConfigurationName = Release;
		};
/* End XCConfigurationList section */
	};
	rootObject = 7651A91C238BA00500574813 /* Project object */;
}
